
Microsoft Visual Studio Solution File, Format Version 12.00
# Visual Studio Version 17
VisualStudioVersion = 17.9.34616.47
MinimumVisualStudioVersion = 10.0.40219.1
Project("{2150E333-8FDC-42A3-9474-1A3956D46DE8}") = "Solution Items", "Solution Items", "{ED3BDDBD-4FBF-4A04-B935-487465871060}"
	ProjectSection(SolutionItems) = preProject
		Directory.Build.props = Directory.Build.props
		ReadMe.md = ReadMe.md
	EndProjectSection
EndProject
Project("{2150E333-8FDC-42A3-9474-1A3956D46DE8}") = "MediatR", "MediatR", "{8890CB5D-538F-4273-9243-DE2DBE432702}"
EndProject
Project("{2150E333-8FDC-42A3-9474-1A3956D46DE8}") = "Mediator.SourceGenerator", "Mediator.SourceGenerator", "{F4A3D08A-BAA6-4877-AEE3-D27E7BFDC4B5}"
EndProject
Project("{9A19103F-16F7-4668-BE54-9A1E7A4F7556}") = "Logic", "MediatR\Logic\Logic.csproj", "{6EC372E7-4E95-4A00-8993-FF79543BAD87}"
EndProject
Project("{9A19103F-16F7-4668-BE54-9A1E7A4F7556}") = "Handlers", "MediatR\Handlers\Handlers.csproj", "{295D0E11-EB04-44B3-AF4E-31FC36094459}"
EndProject
Project("{9A19103F-16F7-4668-BE54-9A1E7A4F7556}") = "Hosting", "MediatR\Hosting\Hosting.csproj", "{1E6622A0-7E40-4E8D-B235-089CF012BD65}"
EndProject
Project("{9A19103F-16F7-4668-BE54-9A1E7A4F7556}") = "Tests", "MediatR\Tests\Tests.csproj", "{90746458-6D55-49AC-8766-83D0CA6A43C6}"
EndProject
Project("{9A19103F-16F7-4668-BE54-9A1E7A4F7556}") = "GenLogic", "Mediator.SourceGenerator\GenLogic\GenLogic.csproj", "{D326A149-726C-4FDC-8189-F8BB5D422B15}"
EndProject
Project("{9A19103F-16F7-4668-BE54-9A1E7A4F7556}") = "GenHandlers", "Mediator.SourceGenerator\GenHandlers\GenHandlers.csproj", "{17A34EF4-6C4F-4959-8DBB-7FA036425D5F}"
EndProject
Project("{9A19103F-16F7-4668-BE54-9A1E7A4F7556}") = "GenMediatorHosting", "Mediator.SourceGenerator\GenMediatorHosting\GenMediatorHosting.csproj", "{14307010-EFAA-44F1-BB6A-CF60743F36DA}"
EndProject
Project("{9A19103F-16F7-4668-BE54-9A1E7A4F7556}") = "GenTests", "Mediator.SourceGenerator\GenTests\GenTests.csproj", "{687AA269-D1A8-4FFB-A40D-04970016C36C}"
EndProject
Global
	GlobalSection(SolutionConfigurationPlatforms) = preSolution
		Debug|Any CPU = Debug|Any CPU
		Release|Any CPU = Release|Any CPU
	EndGlobalSection
	GlobalSection(ProjectConfigurationPlatforms) = postSolution
		{6EC372E7-4E95-4A00-8993-FF79543BAD87}.Debug|Any CPU.ActiveCfg = Debug|Any CPU
		{6EC372E7-4E95-4A00-8993-FF79543BAD87}.Debug|Any CPU.Build.0 = Debug|Any CPU
		{6EC372E7-4E95-4A00-8993-FF79543BAD87}.Release|Any CPU.ActiveCfg = Release|Any CPU
		{6EC372E7-4E95-4A00-8993-FF79543BAD87}.Release|Any CPU.Build.0 = Release|Any CPU
		{295D0E11-EB04-44B3-AF4E-31FC36094459}.Debug|Any CPU.ActiveCfg = Debug|Any CPU
		{295D0E11-EB04-44B3-AF4E-31FC36094459}.Debug|Any CPU.Build.0 = Debug|Any CPU
		{295D0E11-EB04-44B3-AF4E-31FC36094459}.Release|Any CPU.ActiveCfg = Release|Any CPU
		{295D0E11-EB04-44B3-AF4E-31FC36094459}.Release|Any CPU.Build.0 = Release|Any CPU
		{1E6622A0-7E40-4E8D-B235-089CF012BD65}.Debug|Any CPU.ActiveCfg = Debug|Any CPU
		{1E6622A0-7E40-4E8D-B235-089CF012BD65}.Debug|Any CPU.Build.0 = Debug|Any CPU
		{1E6622A0-7E40-4E8D-B235-089CF012BD65}.Release|Any CPU.ActiveCfg = Release|Any CPU
		{1E6622A0-7E40-4E8D-B235-089CF012BD65}.Release|Any CPU.Build.0 = Release|Any CPU
		{90746458-6D55-49AC-8766-83D0CA6A43C6}.Debug|Any CPU.ActiveCfg = Debug|Any CPU
		{90746458-6D55-49AC-8766-83D0CA6A43C6}.Debug|Any CPU.Build.0 = Debug|Any CPU
		{90746458-6D55-49AC-8766-83D0CA6A43C6}.Release|Any CPU.ActiveCfg = Release|Any CPU
		{90746458-6D55-49AC-8766-83D0CA6A43C6}.Release|Any CPU.Build.0 = Release|Any CPU
		{D326A149-726C-4FDC-8189-F8BB5D422B15}.Debug|Any CPU.ActiveCfg = Debug|Any CPU
		{D326A149-726C-4FDC-8189-F8BB5D422B15}.Debug|Any CPU.Build.0 = Debug|Any CPU
		{D326A149-726C-4FDC-8189-F8BB5D422B15}.Release|Any CPU.ActiveCfg = Release|Any CPU
		{D326A149-726C-4FDC-8189-F8BB5D422B15}.Release|Any CPU.Build.0 = Release|Any CPU
		{17A34EF4-6C4F-4959-8DBB-7FA036425D5F}.Debug|Any CPU.ActiveCfg = Debug|Any CPU
		{17A34EF4-6C4F-4959-8DBB-7FA036425D5F}.Debug|Any CPU.Build.0 = Debug|Any CPU
		{17A34EF4-6C4F-4959-8DBB-7FA036425D5F}.Release|Any CPU.ActiveCfg = Release|Any CPU
		{17A34EF4-6C4F-4959-8DBB-7FA036425D5F}.Release|Any CPU.Build.0 = Release|Any CPU
		{14307010-EFAA-44F1-BB6A-CF60743F36DA}.Debug|Any CPU.ActiveCfg = Debug|Any CPU
		{14307010-EFAA-44F1-BB6A-CF60743F36DA}.Debug|Any CPU.Build.0 = Debug|Any CPU
		{14307010-EFAA-44F1-BB6A-CF60743F36DA}.Release|Any CPU.ActiveCfg = Release|Any CPU
		{14307010-EFAA-44F1-BB6A-CF60743F36DA}.Release|Any CPU.Build.0 = Release|Any CPU
		{687AA269-D1A8-4FFB-A40D-04970016C36C}.Debug|Any CPU.ActiveCfg = Debug|Any CPU
		{687AA269-D1A8-4FFB-A40D-04970016C36C}.Debug|Any CPU.Build.0 = Debug|Any CPU
		{687AA269-D1A8-4FFB-A40D-04970016C36C}.Release|Any CPU.ActiveCfg = Release|Any CPU
		{687AA269-D1A8-4FFB-A40D-04970016C36C}.Release|Any CPU.Build.0 = Release|Any CPU
	EndGlobalSection
	GlobalSection(SolutionProperties) = preSolution
		HideSolutionNode = FALSE
	EndGlobalSection
	GlobalSection(NestedProjects) = preSolution
		{6EC372E7-4E95-4A00-8993-FF79543BAD87} = {8890CB5D-538F-4273-9243-DE2DBE432702}
		{295D0E11-EB04-44B3-AF4E-31FC36094459} = {8890CB5D-538F-4273-9243-DE2DBE432702}
		{1E6622A0-7E40-4E8D-B235-089CF012BD65} = {8890CB5D-538F-4273-9243-DE2DBE432702}
		{90746458-6D55-49AC-8766-83D0CA6A43C6} = {8890CB5D-538F-4273-9243-DE2DBE432702}
		{D326A149-726C-4FDC-8189-F8BB5D422B15} = {F4A3D08A-BAA6-4877-AEE3-D27E7BFDC4B5}
		{17A34EF4-6C4F-4959-8DBB-7FA036425D5F} = {F4A3D08A-BAA6-4877-AEE3-D27E7BFDC4B5}
		{14307010-EFAA-44F1-BB6A-CF60743F36DA} = {F4A3D08A-BAA6-4877-AEE3-D27E7BFDC4B5}
		{687AA269-D1A8-4FFB-A40D-04970016C36C} = {F4A3D08A-BAA6-4877-AEE3-D27E7BFDC4B5}
	EndGlobalSection
	GlobalSection(ExtensibilityGlobals) = postSolution
		SolutionGuid = {4338A5B4-4A14-4055-93EF-2E6A34101F74}
	EndGlobalSection
EndGlobal
